
Microsoft Visual Studio Solution File, Format Version 12.00
# Visual Studio Version 17
VisualStudioVersion = 17.5.33627.172
MinimumVisualStudioVersion = 10.0.40219.1
Project("{FAE04EC0-301F-11D3-BF4B-00C04F79EFBC}") = "ws_ImaginaPay", "ws_ImaginaPay\ws_ImaginaPay.csproj", "{19468350-6D0F-43AE-BFB4-E3F1C8D881DF}"
EndProject
Project("{FAE04EC0-301F-11D3-BF4B-00C04F79EFBC}") = "DataAccess", "DataAccess\DataAccess.csproj", "{11558D2C-1A67-4708-85FB-40D1CA93CCFA}"
EndProject
Global
	GlobalSection(SolutionConfigurationPlatforms) = preSolution
		Debug|Any CPU = Debug|Any CPU
		Release|Any CPU = Release|Any CPU
	EndGlobalSection
	GlobalSection(ProjectConfigurationPlatforms) = postSolution
		{19468350-6D0F-43AE-BFB4-E3F1C8D881DF}.Debug|Any CPU.ActiveCfg = Debug|Any CPU
		{19468350-6D0F-43AE-BFB4-E3F1C8D881DF}.Debug|Any CPU.Build.0 = Debug|Any CPU
		{19468350-6D0F-43AE-BFB4-E3F1C8D881DF}.Release|Any CPU.ActiveCfg = Release|Any CPU
		{19468350-6D0F-43AE-BFB4-E3F1C8D881DF}.Release|Any CPU.Build.0 = Release|Any CPU
		{11558D2C-1A67-4708-85FB-40D1CA93CCFA}.Debug|Any CPU.ActiveCfg = Debug|Any CPU
		{11558D2C-1A67-4708-85FB-40D1CA93CCFA}.Debug|Any CPU.Build.0 = Debug|Any CPU
		{11558D2C-1A67-4708-85FB-40D1CA93CCFA}.Release|Any CPU.ActiveCfg = Release|Any CPU
		{11558D2C-1A67-4708-85FB-40D1CA93CCFA}.Release|Any CPU.Build.0 = Release|Any CPU
	EndGlobalSection
	GlobalSection(SolutionProperties) = preSolution
		HideSolutionNode = FALSE
	EndGlobalSection
	GlobalSection(ExtensibilityGlobals) = postSolution
		SolutionGuid = {5B350763-124C-42C6-BF5D-B596ADAEE8EB}
	EndGlobalSection
EndGlobal
